// !$*UTF8*$!
{
	archiveVersion = 1;
	classes = {
	};
	objectVersion = 50;
	objects = {

/* Begin PBXBuildFile section */
		309B2F93D5D0306515A796D9 /* libPods-RoversTests.a in Frameworks */ = {isa = PBXBuildFile; fileRef = 080B55C9E67911C75C657B0F /* libPods-RoversTests.a */; };
		9CED0A74EF85376841AC2B0B /* libPods-Rovers.a in Frameworks */ = {isa = PBXBuildFile; fileRef = 140156B0487CCD9892D373F5 /* libPods-Rovers.a */; };
		9DA1503723788B7900D13328 /* AppDelegate.swift in Sources */ = {isa = PBXBuildFile; fileRef = 9DA1503623788B7900D13328 /* AppDelegate.swift */; };
		9DA1503B23788B7900D13328 /* ViewController.swift in Sources */ = {isa = PBXBuildFile; fileRef = 9DA1503A23788B7900D13328 /* ViewController.swift */; };
		9DA1503E23788B7900D13328 /* Main.storyboard in Resources */ = {isa = PBXBuildFile; fileRef = 9DA1503C23788B7900D13328 /* Main.storyboard */; };
		9DA1504023788B7B00D13328 /* Assets.xcassets in Resources */ = {isa = PBXBuildFile; fileRef = 9DA1503F23788B7B00D13328 /* Assets.xcassets */; };
		9DA1504323788B7B00D13328 /* LaunchScreen.storyboard in Resources */ = {isa = PBXBuildFile; fileRef = 9DA1504123788B7B00D13328 /* LaunchScreen.storyboard */; };
		9DA1504E23788B7C00D13328 /* RoversTests.swift in Sources */ = {isa = PBXBuildFile; fileRef = 9DA1504D23788B7C00D13328 /* RoversTests.swift */; };
		9DA1505923788BC000D13328 /* APIKey.swift in Sources */ = {isa = PBXBuildFile; fileRef = 9DA1505823788BC000D13328 /* APIKey.swift */; };
		9DA1506223788F6500D13328 /* NetworkingClient.swift in Sources */ = {isa = PBXBuildFile; fileRef = 9DA1506123788F6500D13328 /* NetworkingClient.swift */; };
		9DA1506323788F6500D13328 /* NetworkingClient.swift in Sources */ = {isa = PBXBuildFile; fileRef = 9DA1506123788F6500D13328 /* NetworkingClient.swift */; };
		9DA1506523788FA900D13328 /* RoverCell.swift in Sources */ = {isa = PBXBuildFile; fileRef = 9DA1506423788FA900D13328 /* RoverCell.swift */; };
		9DA1506623788FA900D13328 /* RoverCell.swift in Sources */ = {isa = PBXBuildFile; fileRef = 9DA1506423788FA900D13328 /* RoverCell.swift */; };
		9DA1506823788FC700D13328 /* RoverCollectionVC.swift in Sources */ = {isa = PBXBuildFile; fileRef = 9DA1506723788FC700D13328 /* RoverCollectionVC.swift */; };
		9DA1506923788FC700D13328 /* RoverCollectionVC.swift in Sources */ = {isa = PBXBuildFile; fileRef = 9DA1506723788FC700D13328 /* RoverCollectionVC.swift */; };
		9DA1506B23788FDF00D13328 /* LoadingFooter.swift in Sources */ = {isa = PBXBuildFile; fileRef = 9DA1506A23788FDF00D13328 /* LoadingFooter.swift */; };
		9DA1506C23788FDF00D13328 /* LoadingFooter.swift in Sources */ = {isa = PBXBuildFile; fileRef = 9DA1506A23788FDF00D13328 /* LoadingFooter.swift */; };
		9DA1506E23788FFB00D13328 /* EnlargedImageVC.swift in Sources */ = {isa = PBXBuildFile; fileRef = 9DA1506D23788FFB00D13328 /* EnlargedImageVC.swift */; };
		9DA1506F23788FFB00D13328 /* EnlargedImageVC.swift in Sources */ = {isa = PBXBuildFile; fileRef = 9DA1506D23788FFB00D13328 /* EnlargedImageVC.swift */; };
		9DA150712378900F00D13328 /* PhotoCell.swift in Sources */ = {isa = PBXBuildFile; fileRef = 9DA150702378900F00D13328 /* PhotoCell.swift */; };
		9DA150722378900F00D13328 /* PhotoCell.swift in Sources */ = {isa = PBXBuildFile; fileRef = 9DA150702378900F00D13328 /* PhotoCell.swift */; };
		9DA150742378903500D13328 /* GalleryCollectionVC.swift in Sources */ = {isa = PBXBuildFile; fileRef = 9DA150732378903500D13328 /* GalleryCollectionVC.swift */; };
		9DA150752378903500D13328 /* GalleryCollectionVC.swift in Sources */ = {isa = PBXBuildFile; fileRef = 9DA150732378903500D13328 /* GalleryCollectionVC.swift */; };
		9DA150772378904F00D13328 /* FetchedPage.swift in Sources */ = {isa = PBXBuildFile; fileRef = 9DA150762378904F00D13328 /* FetchedPage.swift */; };
		9DA150782378904F00D13328 /* FetchedPage.swift in Sources */ = {isa = PBXBuildFile; fileRef = 9DA150762378904F00D13328 /* FetchedPage.swift */; };
		9DA15079237890AF00D13328 /* APIKey.swift in Sources */ = {isa = PBXBuildFile; fileRef = 9DA1505823788BC000D13328 /* APIKey.swift */; };
/* End PBXBuildFile section */

/* Begin PBXContainerItemProxy section */
		9DA1504A23788B7C00D13328 /* PBXContainerItemProxy */ = {
			isa = PBXContainerItemProxy;
			containerPortal = 9DA1502B23788B7900D13328 /* Project object */;
			proxyType = 1;
			remoteGlobalIDString = 9DA1503223788B7900D13328;
			remoteInfo = Rovers;
		};
/* End PBXContainerItemProxy section */

/* Begin PBXFileReference section */
		080B55C9E67911C75C657B0F /* libPods-RoversTests.a */ = {isa = PBXFileReference; explicitFileType = archive.ar; includeInIndex = 0; path = "libPods-RoversTests.a"; sourceTree = BUILT_PRODUCTS_DIR; };
		140156B0487CCD9892D373F5 /* libPods-Rovers.a */ = {isa = PBXFileReference; explicitFileType = archive.ar; includeInIndex = 0; path = "libPods-Rovers.a"; sourceTree = BUILT_PRODUCTS_DIR; };
		27D7A8A9077AF80EF5B257BF /* Pods-RoversTests.debug.xcconfig */ = {isa = PBXFileReference; includeInIndex = 1; lastKnownFileType = text.xcconfig; name = "Pods-RoversTests.debug.xcconfig"; path = "Target Support Files/Pods-RoversTests/Pods-RoversTests.debug.xcconfig"; sourceTree = "<group>"; };
		4BC715A8D27348329F2873D8 /* Pods-Rovers.release.xcconfig */ = {isa = PBXFileReference; includeInIndex = 1; lastKnownFileType = text.xcconfig; name = "Pods-Rovers.release.xcconfig"; path = "Target Support Files/Pods-Rovers/Pods-Rovers.release.xcconfig"; sourceTree = "<group>"; };
		4C9DDF1B84AE061E316C9052 /* Pods-Rovers.debug.xcconfig */ = {isa = PBXFileReference; includeInIndex = 1; lastKnownFileType = text.xcconfig; name = "Pods-Rovers.debug.xcconfig"; path = "Target Support Files/Pods-Rovers/Pods-Rovers.debug.xcconfig"; sourceTree = "<group>"; };
		9DA1503323788B7900D13328 /* Rovers.app */ = {isa = PBXFileReference; explicitFileType = wrapper.application; includeInIndex = 0; path = Rovers.app; sourceTree = BUILT_PRODUCTS_DIR; };
		9DA1503623788B7900D13328 /* AppDelegate.swift */ = {isa = PBXFileReference; lastKnownFileType = sourcecode.swift; path = AppDelegate.swift; sourceTree = "<group>"; };
		9DA1503A23788B7900D13328 /* ViewController.swift */ = {isa = PBXFileReference; lastKnownFileType = sourcecode.swift; path = ViewController.swift; sourceTree = "<group>"; };
		9DA1503D23788B7900D13328 /* Base */ = {isa = PBXFileReference; lastKnownFileType = file.storyboard; name = Base; path = Base.lproj/Main.storyboard; sourceTree = "<group>"; };
		9DA1503F23788B7B00D13328 /* Assets.xcassets */ = {isa = PBXFileReference; lastKnownFileType = folder.assetcatalog; path = Assets.xcassets; sourceTree = "<group>"; };
		9DA1504223788B7B00D13328 /* Base */ = {isa = PBXFileReference; lastKnownFileType = file.storyboard; name = Base; path = Base.lproj/LaunchScreen.storyboard; sourceTree = "<group>"; };
		9DA1504423788B7B00D13328 /* Info.plist */ = {isa = PBXFileReference; lastKnownFileType = text.plist.xml; path = Info.plist; sourceTree = "<group>"; };
		9DA1504923788B7C00D13328 /* RoversTests.xctest */ = {isa = PBXFileReference; explicitFileType = wrapper.cfbundle; includeInIndex = 0; path = RoversTests.xctest; sourceTree = BUILT_PRODUCTS_DIR; };
		9DA1504D23788B7C00D13328 /* RoversTests.swift */ = {isa = PBXFileReference; lastKnownFileType = sourcecode.swift; path = RoversTests.swift; sourceTree = "<group>"; };
		9DA1504F23788B7C00D13328 /* Info.plist */ = {isa = PBXFileReference; lastKnownFileType = text.plist.xml; path = Info.plist; sourceTree = "<group>"; };
		9DA1505823788BC000D13328 /* APIKey.swift */ = {isa = PBXFileReference; lastKnownFileType = sourcecode.swift; name = APIKey.swift; path = ../APIKey.swift; sourceTree = "<group>"; };
		9DA1506123788F6500D13328 /* NetworkingClient.swift */ = {isa = PBXFileReference; lastKnownFileType = sourcecode.swift; path = NetworkingClient.swift; sourceTree = "<group>"; };
		9DA1506423788FA900D13328 /* RoverCell.swift */ = {isa = PBXFileReference; lastKnownFileType = sourcecode.swift; path = RoverCell.swift; sourceTree = "<group>"; };
		9DA1506723788FC700D13328 /* RoverCollectionVC.swift */ = {isa = PBXFileReference; lastKnownFileType = sourcecode.swift; path = RoverCollectionVC.swift; sourceTree = "<group>"; };
		9DA1506A23788FDF00D13328 /* LoadingFooter.swift */ = {isa = PBXFileReference; lastKnownFileType = sourcecode.swift; path = LoadingFooter.swift; sourceTree = "<group>"; };
		9DA1506D23788FFB00D13328 /* EnlargedImageVC.swift */ = {isa = PBXFileReference; lastKnownFileType = sourcecode.swift; path = EnlargedImageVC.swift; sourceTree = "<group>"; };
		9DA150702378900F00D13328 /* PhotoCell.swift */ = {isa = PBXFileReference; lastKnownFileType = sourcecode.swift; path = PhotoCell.swift; sourceTree = "<group>"; };
		9DA150732378903500D13328 /* GalleryCollectionVC.swift */ = {isa = PBXFileReference; lastKnownFileType = sourcecode.swift; path = GalleryCollectionVC.swift; sourceTree = "<group>"; };
		9DA150762378904F00D13328 /* FetchedPage.swift */ = {isa = PBXFileReference; lastKnownFileType = sourcecode.swift; path = FetchedPage.swift; sourceTree = "<group>"; };
		AE9044BC77C9252A06F60394 /* Pods-RoversTests.release.xcconfig */ = {isa = PBXFileReference; includeInIndex = 1; lastKnownFileType = text.xcconfig; name = "Pods-RoversTests.release.xcconfig"; path = "Target Support Files/Pods-RoversTests/Pods-RoversTests.release.xcconfig"; sourceTree = "<group>"; };
/* End PBXFileReference section */

/* Begin PBXFrameworksBuildPhase section */
		9DA1503023788B7900D13328 /* Frameworks */ = {
			isa = PBXFrameworksBuildPhase;
			buildActionMask = 2147483647;
			files = (
				9CED0A74EF85376841AC2B0B /* libPods-Rovers.a in Frameworks */,
			);
			runOnlyForDeploymentPostprocessing = 0;
		};
		9DA1504623788B7C00D13328 /* Frameworks */ = {
			isa = PBXFrameworksBuildPhase;
			buildActionMask = 2147483647;
			files = (
				309B2F93D5D0306515A796D9 /* libPods-RoversTests.a in Frameworks */,
			);
			runOnlyForDeploymentPostprocessing = 0;
		};
/* End PBXFrameworksBuildPhase section */

/* Begin PBXGroup section */
		04451D4F8E8EF10E1A9E3BDE /* Frameworks */ = {
			isa = PBXGroup;
			children = (
				140156B0487CCD9892D373F5 /* libPods-Rovers.a */,
				080B55C9E67911C75C657B0F /* libPods-RoversTests.a */,
			);
			name = Frameworks;
			sourceTree = "<group>";
		};
		11193E8B964A2FB9E221C06C /* Pods */ = {
			isa = PBXGroup;
			children = (
				4C9DDF1B84AE061E316C9052 /* Pods-Rovers.debug.xcconfig */,
				4BC715A8D27348329F2873D8 /* Pods-Rovers.release.xcconfig */,
				27D7A8A9077AF80EF5B257BF /* Pods-RoversTests.debug.xcconfig */,
				AE9044BC77C9252A06F60394 /* Pods-RoversTests.release.xcconfig */,
			);
			path = Pods;
			sourceTree = "<group>";
		};
		9DA1502A23788B7900D13328 = {
			isa = PBXGroup;
			children = (
				9DA1503523788B7900D13328 /* Rovers */,
				9DA1504C23788B7C00D13328 /* RoversTests */,
				9DA1503423788B7900D13328 /* Products */,
				11193E8B964A2FB9E221C06C /* Pods */,
				04451D4F8E8EF10E1A9E3BDE /* Frameworks */,
			);
			sourceTree = "<group>";
		};
		9DA1503423788B7900D13328 /* Products */ = {
			isa = PBXGroup;
			children = (
				9DA1503323788B7900D13328 /* Rovers.app */,
				9DA1504923788B7C00D13328 /* RoversTests.xctest */,
			);
			name = Products;
			sourceTree = "<group>";
		};
		9DA1503523788B7900D13328 /* Rovers */ = {
			isa = PBXGroup;
			children = (
				9DA1506023788EB800D13328 /* Models */,
				9DA1505F23788EB200D13328 /* Utilities */,
				9DA1505B23788E9400D13328 /* Controllers */,
				9DA1505A23788E8500D13328 /* Storyboards */,
				9DA1503623788B7900D13328 /* AppDelegate.swift */,
				9DA1503A23788B7900D13328 /* ViewController.swift */,
				9DA1503F23788B7B00D13328 /* Assets.xcassets */,
				9DA1504423788B7B00D13328 /* Info.plist */,
			);
			path = Rovers;
			sourceTree = "<group>";
		};
		9DA1504C23788B7C00D13328 /* RoversTests */ = {
			isa = PBXGroup;
			children = (
				9DA1504D23788B7C00D13328 /* RoversTests.swift */,
				9DA1504F23788B7C00D13328 /* Info.plist */,
			);
			path = RoversTests;
			sourceTree = "<group>";
		};
		9DA1505A23788E8500D13328 /* Storyboards */ = {
			isa = PBXGroup;
			children = (
				9DA1503C23788B7900D13328 /* Main.storyboard */,
				9DA1504123788B7B00D13328 /* LaunchScreen.storyboard */,
			);
			path = Storyboards;
			sourceTree = "<group>";
		};
		9DA1505B23788E9400D13328 /* Controllers */ = {
			isa = PBXGroup;
			children = (
				9DA1505E23788EA600D13328 /* Gallery */,
				9DA1505C23788E9D00D13328 /* Rovers */,
			);
			path = Controllers;
			sourceTree = "<group>";
		};
		9DA1505C23788E9D00D13328 /* Rovers */ = {
			isa = PBXGroup;
			children = (
				9DA1506423788FA900D13328 /* RoverCell.swift */,
				9DA1506723788FC700D13328 /* RoverCollectionVC.swift */,
			);
			path = Rovers;
			sourceTree = "<group>";
		};
		9DA1505E23788EA600D13328 /* Gallery */ = {
			isa = PBXGroup;
			children = (
				9DA1506A23788FDF00D13328 /* LoadingFooter.swift */,
				9DA1506D23788FFB00D13328 /* EnlargedImageVC.swift */,
				9DA150702378900F00D13328 /* PhotoCell.swift */,
				9DA150732378903500D13328 /* GalleryCollectionVC.swift */,
			);
			path = Gallery;
			sourceTree = "<group>";
		};
		9DA1505F23788EB200D13328 /* Utilities */ = {
			isa = PBXGroup;
			children = (
				9DA1505823788BC000D13328 /* APIKey.swift */,
				9DA1506123788F6500D13328 /* NetworkingClient.swift */,
			);
			path = Utilities;
			sourceTree = "<group>";
		};
		9DA1506023788EB800D13328 /* Models */ = {
			isa = PBXGroup;
			children = (
				9DA150762378904F00D13328 /* FetchedPage.swift */,
			);
			path = Models;
			sourceTree = "<group>";
		};
/* End PBXGroup section */

/* Begin PBXNativeTarget section */
		9DA1503223788B7900D13328 /* Rovers */ = {
			isa = PBXNativeTarget;
			buildConfigurationList = 9DA1505223788B7C00D13328 /* Build configuration list for PBXNativeTarget "Rovers" */;
			buildPhases = (
				F4229CA375DB91F355A84FA3 /* [CP] Check Pods Manifest.lock */,
				9DA1502F23788B7900D13328 /* Sources */,
				9DA1503023788B7900D13328 /* Frameworks */,
				9DA1503123788B7900D13328 /* Resources */,
			);
			buildRules = (
			);
			dependencies = (
			);
			name = Rovers;
			productName = Rovers;
			productReference = 9DA1503323788B7900D13328 /* Rovers.app */;
			productType = "com.apple.product-type.application";
		};
		9DA1504823788B7C00D13328 /* RoversTests */ = {
			isa = PBXNativeTarget;
			buildConfigurationList = 9DA1505523788B7C00D13328 /* Build configuration list for PBXNativeTarget "RoversTests" */;
			buildPhases = (
				4216F909EABA0A3ED0C1187C /* [CP] Check Pods Manifest.lock */,
				9DA1504523788B7C00D13328 /* Sources */,
				9DA1504623788B7C00D13328 /* Frameworks */,
				9DA1504723788B7C00D13328 /* Resources */,
			);
			buildRules = (
			);
			dependencies = (
				9DA1504B23788B7C00D13328 /* PBXTargetDependency */,
			);
			name = RoversTests;
			productName = RoversTests;
			productReference = 9DA1504923788B7C00D13328 /* RoversTests.xctest */;
			productType = "com.apple.product-type.bundle.unit-test";
		};
/* End PBXNativeTarget section */

/* Begin PBXProject section */
		9DA1502B23788B7900D13328 /* Project object */ = {
			isa = PBXProject;
			attributes = {
				LastSwiftUpdateCheck = 1120;
				LastUpgradeCheck = 1120;
				ORGANIZATIONNAME = "Peter Irving";
				TargetAttributes = {
					9DA1503223788B7900D13328 = {
						CreatedOnToolsVersion = 11.2;
					};
					9DA1504823788B7C00D13328 = {
						CreatedOnToolsVersion = 11.2;
						TestTargetID = 9DA1503223788B7900D13328;
					};
				};
			};
			buildConfigurationList = 9DA1502E23788B7900D13328 /* Build configuration list for PBXProject "Rovers" */;
			compatibilityVersion = "Xcode 9.3";
			developmentRegion = en;
			hasScannedForEncodings = 0;
			knownRegions = (
				en,
				Base,
			);
			mainGroup = 9DA1502A23788B7900D13328;
			productRefGroup = 9DA1503423788B7900D13328 /* Products */;
			projectDirPath = "";
			projectRoot = "";
			targets = (
				9DA1503223788B7900D13328 /* Rovers */,
				9DA1504823788B7C00D13328 /* RoversTests */,
			);
		};
/* End PBXProject section */

/* Begin PBXResourcesBuildPhase section */
		9DA1503123788B7900D13328 /* Resources */ = {
			isa = PBXResourcesBuildPhase;
			buildActionMask = 2147483647;
			files = (
				9DA1504323788B7B00D13328 /* LaunchScreen.storyboard in Resources */,
				9DA1504023788B7B00D13328 /* Assets.xcassets in Resources */,
				9DA1503E23788B7900D13328 /* Main.storyboard in Resources */,
			);
			runOnlyForDeploymentPostprocessing = 0;
		};
		9DA1504723788B7C00D13328 /* Resources */ = {
			isa = PBXResourcesBuildPhase;
			buildActionMask = 2147483647;
			files = (
			);
			runOnlyForDeploymentPostprocessing = 0;
		};
/* End PBXResourcesBuildPhase section */

/* Begin PBXShellScriptBuildPhase section */
		4216F909EABA0A3ED0C1187C /* [CP] Check Pods Manifest.lock */ = {
			isa = PBXShellScriptBuildPhase;
			buildActionMask = 2147483647;
			files = (
			);
			inputFileListPaths = (
			);
			inputPaths = (
				"${PODS_PODFILE_DIR_PATH}/Podfile.lock",
				"${PODS_ROOT}/Manifest.lock",
			);
			name = "[CP] Check Pods Manifest.lock";
			outputFileListPaths = (
			);
			outputPaths = (
				"$(DERIVED_FILE_DIR)/Pods-RoversTests-checkManifestLockResult.txt",
			);
			runOnlyForDeploymentPostprocessing = 0;
			shellPath = /bin/sh;
			shellScript = "diff \"${PODS_PODFILE_DIR_PATH}/Podfile.lock\" \"${PODS_ROOT}/Manifest.lock\" > /dev/null\nif [ $? != 0 ] ; then\n    # print error to STDERR\n    echo \"error: The sandbox is not in sync with the Podfile.lock. Run 'pod install' or update your CocoaPods installation.\" >&2\n    exit 1\nfi\n# This output is used by Xcode 'outputs' to avoid re-running this script phase.\necho \"SUCCESS\" > \"${SCRIPT_OUTPUT_FILE_0}\"\n";
			showEnvVarsInLog = 0;
		};
		F4229CA375DB91F355A84FA3 /* [CP] Check Pods Manifest.lock */ = {
			isa = PBXShellScriptBuildPhase;
			buildActionMask = 2147483647;
			files = (
			);
			inputFileListPaths = (
			);
			inputPaths = (
				"${PODS_PODFILE_DIR_PATH}/Podfile.lock",
				"${PODS_ROOT}/Manifest.lock",
			);
			name = "[CP] Check Pods Manifest.lock";
			outputFileListPaths = (
			);
			outputPaths = (
				"$(DERIVED_FILE_DIR)/Pods-Rovers-checkManifestLockResult.txt",
			);
			runOnlyForDeploymentPostprocessing = 0;
			shellPath = /bin/sh;
			shellScript = "diff \"${PODS_PODFILE_DIR_PATH}/Podfile.lock\" \"${PODS_ROOT}/Manifest.lock\" > /dev/null\nif [ $? != 0 ] ; then\n    # print error to STDERR\n    echo \"error: The sandbox is not in sync with the Podfile.lock. Run 'pod install' or update your CocoaPods installation.\" >&2\n    exit 1\nfi\n# This output is used by Xcode 'outputs' to avoid re-running this script phase.\necho \"SUCCESS\" > \"${SCRIPT_OUTPUT_FILE_0}\"\n";
			showEnvVarsInLog = 0;
		};
/* End PBXShellScriptBuildPhase section */

/* Begin PBXSourcesBuildPhase section */
		9DA1502F23788B7900D13328 /* Sources */ = {
			isa = PBXSourcesBuildPhase;
			buildActionMask = 2147483647;
			files = (
				9DA1506223788F6500D13328 /* NetworkingClient.swift in Sources */,
				9DA150712378900F00D13328 /* PhotoCell.swift in Sources */,
				9DA1506523788FA900D13328 /* RoverCell.swift in Sources */,
				9DA1506B23788FDF00D13328 /* LoadingFooter.swift in Sources */,
				9DA1503B23788B7900D13328 /* ViewController.swift in Sources */,
				9DA150742378903500D13328 /* GalleryCollectionVC.swift in Sources */,
				9DA1503723788B7900D13328 /* AppDelegate.swift in Sources */,
				9DA1505923788BC000D13328 /* APIKey.swift in Sources */,
				9DA150772378904F00D13328 /* FetchedPage.swift in Sources */,
				9DA1506E23788FFB00D13328 /* EnlargedImageVC.swift in Sources */,
				9DA1506823788FC700D13328 /* RoverCollectionVC.swift in Sources */,
			);
			runOnlyForDeploymentPostprocessing = 0;
		};
		9DA1504523788B7C00D13328 /* Sources */ = {
			isa = PBXSourcesBuildPhase;
			buildActionMask = 2147483647;
			files = (
				9DA150722378900F00D13328 /* PhotoCell.swift in Sources */,
				9DA150752378903500D13328 /* GalleryCollectionVC.swift in Sources */,
				9DA1506F23788FFB00D13328 /* EnlargedImageVC.swift in Sources */,
				9DA1506323788F6500D13328 /* NetworkingClient.swift in Sources */,
				9DA15079237890AF00D13328 /* APIKey.swift in Sources */,
				9DA1506C23788FDF00D13328 /* LoadingFooter.swift in Sources */,
				9DA1506923788FC700D13328 /* RoverCollectionVC.swift in Sources */,
				9DA150782378904F00D13328 /* FetchedPage.swift in Sources */,
				9DA1504E23788B7C00D13328 /* RoversTests.swift in Sources */,
				9DA1506623788FA900D13328 /* RoverCell.swift in Sources */,
			);
			runOnlyForDeploymentPostprocessing = 0;
		};
/* End PBXSourcesBuildPhase section */

/* Begin PBXTargetDependency section */
		9DA1504B23788B7C00D13328 /* PBXTargetDependency */ = {
			isa = PBXTargetDependency;
			target = 9DA1503223788B7900D13328 /* Rovers */;
			targetProxy = 9DA1504A23788B7C00D13328 /* PBXContainerItemProxy */;
		};
/* End PBXTargetDependency section */

/* Begin PBXVariantGroup section */
		9DA1503C23788B7900D13328 /* Main.storyboard */ = {
			isa = PBXVariantGroup;
			children = (
				9DA1503D23788B7900D13328 /* Base */,
			);
			name = Main.storyboard;
			sourceTree = "<group>";
		};
		9DA1504123788B7B00D13328 /* LaunchScreen.storyboard */ = {
			isa = PBXVariantGroup;
			children = (
				9DA1504223788B7B00D13328 /* Base */,
			);
			name = LaunchScreen.storyboard;
			sourceTree = "<group>";
		};
/* End PBXVariantGroup section */

/* Begin XCBuildConfiguration section */
		9DA1505023788B7C00D13328 /* Debug */ = {
			isa = XCBuildConfiguration;
			buildSettings = {
				ALWAYS_SEARCH_USER_PATHS = NO;
				CLANG_ANALYZER_NONNULL = YES;
				CLANG_ANALYZER_NUMBER_OBJECT_CONVERSION = YES_AGGRESSIVE;
				CLANG_CXX_LANGUAGE_STANDARD = "gnu++14";
				CLANG_CXX_LIBRARY = "libc++";
				CLANG_ENABLE_MODULES = YES;
				CLANG_ENABLE_OBJC_ARC = YES;
				CLANG_ENABLE_OBJC_WEAK = YES;
				CLANG_WARN_BLOCK_CAPTURE_AUTORELEASING = YES;
				CLANG_WARN_BOOL_CONVERSION = YES;
				CLANG_WARN_COMMA = YES;
				CLANG_WARN_CONSTANT_CONVERSION = YES;
				CLANG_WARN_DEPRECATED_OBJC_IMPLEMENTATIONS = YES;
				CLANG_WARN_DIRECT_OBJC_ISA_USAGE = YES_ERROR;
				CLANG_WARN_DOCUMENTATION_COMMENTS = YES;
				CLANG_WARN_EMPTY_BODY = YES;
				CLANG_WARN_ENUM_CONVERSION = YES;
				CLANG_WARN_INFINITE_RECURSION = YES;
				CLANG_WARN_INT_CONVERSION = YES;
				CLANG_WARN_NON_LITERAL_NULL_CONVERSION = YES;
				CLANG_WARN_OBJC_IMPLICIT_RETAIN_SELF = YES;
				CLANG_WARN_OBJC_LITERAL_CONVERSION = YES;
				CLANG_WARN_OBJC_ROOT_CLASS = YES_ERROR;
				CLANG_WARN_RANGE_LOOP_ANALYSIS = YES;
				CLANG_WARN_STRICT_PROTOTYPES = YES;
				CLANG_WARN_SUSPICIOUS_MOVE = YES;
				CLANG_WARN_UNGUARDED_AVAILABILITY = YES_AGGRESSIVE;
				CLANG_WARN_UNREACHABLE_CODE = YES;
				CLANG_WARN__DUPLICATE_METHOD_MATCH = YES;
				COPY_PHASE_STRIP = NO;
				DEBUG_INFORMATION_FORMAT = dwarf;
				ENABLE_STRICT_OBJC_MSGSEND = YES;
				ENABLE_TESTABILITY = YES;
				GCC_C_LANGUAGE_STANDARD = gnu11;
				GCC_DYNAMIC_NO_PIC = NO;
				GCC_NO_COMMON_BLOCKS = YES;
				GCC_OPTIMIZATION_LEVEL = 0;
				GCC_PREPROCESSOR_DEFINITIONS = (
					"DEBUG=1",
					"$(inherited)",
				);
				GCC_WARN_64_TO_32_BIT_CONVERSION = YES;
				GCC_WARN_ABOUT_RETURN_TYPE = YES_ERROR;
				GCC_WARN_UNDECLARED_SELECTOR = YES;
				GCC_WARN_UNINITIALIZED_AUTOS = YES_AGGRESSIVE;
				GCC_WARN_UNUSED_FUNCTION = YES;
				GCC_WARN_UNUSED_VARIABLE = YES;
				IPHONEOS_DEPLOYMENT_TARGET = 13.2;
				MTL_ENABLE_DEBUG_INFO = INCLUDE_SOURCE;
				MTL_FAST_MATH = YES;
				ONLY_ACTIVE_ARCH = YES;
				SDKROOT = iphoneos;
				SWIFT_ACTIVE_COMPILATION_CONDITIONS = DEBUG;
				SWIFT_OPTIMIZATION_LEVEL = "-Onone";
			};
			name = Debug;
		};
		9DA1505123788B7C00D13328 /* Release */ = {
			isa = XCBuildConfiguration;
			buildSettings = {
				ALWAYS_SEARCH_USER_PATHS = NO;
				CLANG_ANALYZER_NONNULL = YES;
				CLANG_ANALYZER_NUMBER_OBJECT_CONVERSION = YES_AGGRESSIVE;
				CLANG_CXX_LANGUAGE_STANDARD = "gnu++14";
				CLANG_CXX_LIBRARY = "libc++";
				CLANG_ENABLE_MODULES = YES;
				CLANG_ENABLE_OBJC_ARC = YES;
				CLANG_ENABLE_OBJC_WEAK = YES;
				CLANG_WARN_BLOCK_CAPTURE_AUTORELEASING = YES;
				CLANG_WARN_BOOL_CONVERSION = YES;
				CLANG_WARN_COMMA = YES;
				CLANG_WARN_CONSTANT_CONVERSION = YES;
				CLANG_WARN_DEPRECATED_OBJC_IMPLEMENTATIONS = YES;
				CLANG_WARN_DIRECT_OBJC_ISA_USAGE = YES_ERROR;
				CLANG_WARN_DOCUMENTATION_COMMENTS = YES;
				CLANG_WARN_EMPTY_BODY = YES;
				CLANG_WARN_ENUM_CONVERSION = YES;
				CLANG_WARN_INFINITE_RECURSION = YES;
				CLANG_WARN_INT_CONVERSION = YES;
				CLANG_WARN_NON_LITERAL_NULL_CONVERSION = YES;
				CLANG_WARN_OBJC_IMPLICIT_RETAIN_SELF = YES;
				CLANG_WARN_OBJC_LITERAL_CONVERSION = YES;
				CLANG_WARN_OBJC_ROOT_CLASS = YES_ERROR;
				CLANG_WARN_RANGE_LOOP_ANALYSIS = YES;
				CLANG_WARN_STRICT_PROTOTYPES = YES;
				CLANG_WARN_SUSPICIOUS_MOVE = YES;
				CLANG_WARN_UNGUARDED_AVAILABILITY = YES_AGGRESSIVE;
				CLANG_WARN_UNREACHABLE_CODE = YES;
				CLANG_WARN__DUPLICATE_METHOD_MATCH = YES;
				COPY_PHASE_STRIP = NO;
				DEBUG_INFORMATION_FORMAT = "dwarf-with-dsym";
				ENABLE_NS_ASSERTIONS = NO;
				ENABLE_STRICT_OBJC_MSGSEND = YES;
				GCC_C_LANGUAGE_STANDARD = gnu11;
				GCC_NO_COMMON_BLOCKS = YES;
				GCC_WARN_64_TO_32_BIT_CONVERSION = YES;
				GCC_WARN_ABOUT_RETURN_TYPE = YES_ERROR;
				GCC_WARN_UNDECLARED_SELECTOR = YES;
				GCC_WARN_UNINITIALIZED_AUTOS = YES_AGGRESSIVE;
				GCC_WARN_UNUSED_FUNCTION = YES;
				GCC_WARN_UNUSED_VARIABLE = YES;
				IPHONEOS_DEPLOYMENT_TARGET = 13.2;
				MTL_ENABLE_DEBUG_INFO = NO;
				MTL_FAST_MATH = YES;
				SDKROOT = iphoneos;
				SWIFT_COMPILATION_MODE = wholemodule;
				SWIFT_OPTIMIZATION_LEVEL = "-O";
				VALIDATE_PRODUCT = YES;
			};
			name = Release;
		};
		9DA1505323788B7C00D13328 /* Debug */ = {
			isa = XCBuildConfiguration;
			baseConfigurationReference = 4C9DDF1B84AE061E316C9052 /* Pods-Rovers.debug.xcconfig */;
			buildSettings = {
				ASSETCATALOG_COMPILER_APPICON_NAME = AppIcon;
				CODE_SIGN_STYLE = Automatic;
				DEVELOPMENT_TEAM = 8D5XPQFN4B;
				INFOPLIST_FILE = Rovers/Info.plist;
				IPHONEOS_DEPLOYMENT_TARGET = 12.0;
				LD_RUNPATH_SEARCH_PATHS = (
					"$(inherited)",
					"@executable_path/Frameworks",
				);
				PRODUCT_BUNDLE_IDENTIFIER = com.peterirving.Rovers;
				PRODUCT_NAME = "$(TARGET_NAME)";
				SWIFT_VERSION = 5.0;
				TARGETED_DEVICE_FAMILY = "1,2";
			};
			name = Debug;
		};
		9DA1505423788B7C00D13328 /* Release */ = {
			isa = XCBuildConfiguration;
			baseConfigurationReference = 4BC715A8D27348329F2873D8 /* Pods-Rovers.release.xcconfig */;
			buildSettings = {
				ASSETCATALOG_COMPILER_APPICON_NAME = AppIcon;
				CODE_SIGN_STYLE = Automatic;
				DEVELOPMENT_TEAM = 8D5XPQFN4B;
				INFOPLIST_FILE = Rovers/Info.plist;
				IPHONEOS_DEPLOYMENT_TARGET = 12.0;
				LD_RUNPATH_SEARCH_PATHS = (
					"$(inherited)",
					"@executable_path/Frameworks",
				);
				PRODUCT_BUNDLE_IDENTIFIER = com.peterirving.Rovers;
				PRODUCT_NAME = "$(TARGET_NAME)";
				SWIFT_VERSION = 5.0;
				TARGETED_DEVICE_FAMILY = "1,2";
			};
			name = Release;
		};
		9DA1505623788B7C00D13328 /* Debug */ = {
			isa = XCBuildConfiguration;
			baseConfigurationReference = 27D7A8A9077AF80EF5B257BF /* Pods-RoversTests.debug.xcconfig */;
			buildSettings = {
				ALWAYS_EMBED_SWIFT_STANDARD_LIBRARIES = YES;
				BUNDLE_LOADER = "$(TEST_HOST)";
				CODE_SIGN_STYLE = Automatic;
				DEVELOPMENT_TEAM = 8D5XPQFN4B;
				INFOPLIST_FILE = RoversTests/Info.plist;
				IPHONEOS_DEPLOYMENT_TARGET = 13.2;
				LD_RUNPATH_SEARCH_PATHS = (
					"$(inherited)",
					"@executable_path/Frameworks",
					"@loader_path/Frameworks",
				);
				PRODUCT_BUNDLE_IDENTIFIER = com.peterirving.RoversTests;
				PRODUCT_NAME = "$(TARGET_NAME)";
				SWIFT_VERSION = 5.0;
				TARGETED_DEVICE_FAMILY = "1,2";
				TEST_HOST = "$(BUILT_PRODUCTS_DIR)/Rovers.app/Rovers";
			};
			name = Debug;
		};
		9DA1505723788B7C00D13328 /* Release */ = {
			isa = XCBuildConfiguration;
			baseConfigurationReference = AE9044BC77C9252A06F60394 /* Pods-RoversTests.release.xcconfig */;
			buildSettings = {
				ALWAYS_EMBED_SWIFT_STANDARD_LIBRARIES = YES;
				BUNDLE_LOADER = "$(TEST_HOST)";
				CODE_SIGN_STYLE = Automatic;
				DEVELOPMENT_TEAM = 8D5XPQFN4B;
				INFOPLIST_FILE = RoversTests/Info.plist;
				IPHONEOS_DEPLOYMENT_TARGET = 13.2;
				LD_RUNPATH_SEARCH_PATHS = (
					"$(inherited)",
					"@executable_path/Frameworks",
					"@loader_path/Frameworks",
				);
				PRODUCT_BUNDLE_IDENTIFIER = com.peterirving.RoversTests;
				PRODUCT_NAME = "$(TARGET_NAME)";
				SWIFT_VERSION = 5.0;
				TARGETED_DEVICE_FAMILY = "1,2";
				TEST_HOST = "$(BUILT_PRODUCTS_DIR)/Rovers.app/Rovers";
			};
			name = Release;
		};
/* End XCBuildConfiguration section */

/* Begin XCConfigurationList section */
		9DA1502E23788B7900D13328 /* Build configuration list for PBXProject "Rovers" */ = {
			isa = XCConfigurationList;
			buildConfigurations = (
				9DA1505023788B7C00D13328 /* Debug */,
				9DA1505123788B7C00D13328 /* Release */,
			);
			defaultConfigurationIsVisible = 0;
			defaultConfigurationName = Release;
		};
		9DA1505223788B7C00D13328 /* Build configuration list for PBXNativeTarget "Rovers" */ = {
			isa = XCConfigurationList;
			buildConfigurations = (
				9DA1505323788B7C00D13328 /* Debug */,
				9DA1505423788B7C00D13328 /* Release */,
			);
			defaultConfigurationIsVisible = 0;
			defaultConfigurationName = Release;
		};
		9DA1505523788B7C00D13328 /* Build configuration list for PBXNativeTarget "RoversTests" */ = {
			isa = XCConfigurationList;
			buildConfigurations = (
				9DA1505623788B7C00D13328 /* Debug */,
				9DA1505723788B7C00D13328 /* Release */,
			);
			defaultConfigurationIsVisible = 0;
			defaultConfigurationName = Release;
		};
/* End XCConfigurationList section */
	};
	rootObject = 9DA1502B23788B7900D13328 /* Project object */;
}
